
Microsoft Visual Studio Solution File, Format Version 12.00
# Visual Studio Version 16
VisualStudioVersion = 16.0.31313.79
MinimumVisualStudioVersion = 10.0.40219.1
Project("{9A19103F-16F7-4668-BE54-9A1E7A4F7556}") = "Facturas.Api", "Facturas.Api.csproj", "{01F6AFB3-374D-4A12-9EE5-C019B883E3A4}"
EndProject
Project("{9A19103F-16F7-4668-BE54-9A1E7A4F7556}") = "Facturas.DataBase", "Factura.DataBase\Facturas.DataBase.csproj", "{62527792-07CE-43DB-950E-96BBE93D0EA0}"
EndProject
Project("{9A19103F-16F7-4668-BE54-9A1E7A4F7556}") = "Facturas.Entidades", "Factura.Entidades\Facturas.Entidades.csproj", "{56491A65-65A9-400D-8B57-5417DEC39ABA}"
EndProject
Project("{9A19103F-16F7-4668-BE54-9A1E7A4F7556}") = "Facturas.Servicios", "Factura.Servicios\Facturas.Servicios.csproj", "{8FF348E6-2230-4B77-8CB2-6252788BCD30}"
EndProject
Global
	GlobalSection(SolutionConfigurationPlatforms) = preSolution
		Debug|Any CPU = Debug|Any CPU
		Release|Any CPU = Release|Any CPU
	EndGlobalSection
	GlobalSection(ProjectConfigurationPlatforms) = postSolution
		{01F6AFB3-374D-4A12-9EE5-C019B883E3A4}.Debug|Any CPU.ActiveCfg = Debug|Any CPU
		{01F6AFB3-374D-4A12-9EE5-C019B883E3A4}.Debug|Any CPU.Build.0 = Debug|Any CPU
		{01F6AFB3-374D-4A12-9EE5-C019B883E3A4}.Release|Any CPU.ActiveCfg = Release|Any CPU
		{01F6AFB3-374D-4A12-9EE5-C019B883E3A4}.Release|Any CPU.Build.0 = Release|Any CPU
		{62527792-07CE-43DB-950E-96BBE93D0EA0}.Debug|Any CPU.ActiveCfg = Debug|Any CPU
		{62527792-07CE-43DB-950E-96BBE93D0EA0}.Debug|Any CPU.Build.0 = Debug|Any CPU
		{62527792-07CE-43DB-950E-96BBE93D0EA0}.Release|Any CPU.ActiveCfg = Release|Any CPU
		{62527792-07CE-43DB-950E-96BBE93D0EA0}.Release|Any CPU.Build.0 = Release|Any CPU
		{56491A65-65A9-400D-8B57-5417DEC39ABA}.Debug|Any CPU.ActiveCfg = Debug|Any CPU
		{56491A65-65A9-400D-8B57-5417DEC39ABA}.Debug|Any CPU.Build.0 = Debug|Any CPU
		{56491A65-65A9-400D-8B57-5417DEC39ABA}.Release|Any CPU.ActiveCfg = Release|Any CPU
		{56491A65-65A9-400D-8B57-5417DEC39ABA}.Release|Any CPU.Build.0 = Release|Any CPU
		{8FF348E6-2230-4B77-8CB2-6252788BCD30}.Debug|Any CPU.ActiveCfg = Debug|Any CPU
		{8FF348E6-2230-4B77-8CB2-6252788BCD30}.Debug|Any CPU.Build.0 = Debug|Any CPU
		{8FF348E6-2230-4B77-8CB2-6252788BCD30}.Release|Any CPU.ActiveCfg = Release|Any CPU
		{8FF348E6-2230-4B77-8CB2-6252788BCD30}.Release|Any CPU.Build.0 = Release|Any CPU
	EndGlobalSection
	GlobalSection(SolutionProperties) = preSolution
		HideSolutionNode = FALSE
	EndGlobalSection
	GlobalSection(ExtensibilityGlobals) = postSolution
		SolutionGuid = {3475102C-5F76-448E-ACAD-B3B9C5204480}
	EndGlobalSection
EndGlobal
